
Microsoft Visual Studio Solution File, Format Version 12.00
Project("{FAE04EC0-301F-11D3-BF4B-00C04F79EFBC}") = "CommonBenchmarks", "CommonBenchmarks\CommonBenchmarks.csproj", "{23771B42-2D30-4441-BD60-D6AE166C9309}"
EndProject
Global
	GlobalSection(SolutionConfigurationPlatforms) = preSolution
		Debug|Any CPU = Debug|Any CPU
		Release|Any CPU = Release|Any CPU
	EndGlobalSection
	GlobalSection(ProjectConfigurationPlatforms) = postSolution
		{23771B42-2D30-4441-BD60-D6AE166C9309}.Debug|Any CPU.ActiveCfg = Debug|Any CPU
		{23771B42-2D30-4441-BD60-D6AE166C9309}.Debug|Any CPU.Build.0 = Debug|Any CPU
		{23771B42-2D30-4441-BD60-D6AE166C9309}.Release|Any CPU.ActiveCfg = Release|Any CPU
		{23771B42-2D30-4441-BD60-D6AE166C9309}.Release|Any CPU.Build.0 = Release|Any CPU
	EndGlobalSection
EndGlobal
