
Microsoft Visual Studio Solution File, Format Version 12.00
Project("{FAE04EC0-301F-11D3-BF4B-00C04F79EFBC}") = "MicroBenchmarks", "MicroBenchmarks\MicroBenchmarks.csproj", "{23771B42-2D30-4441-BD60-D6AE166C9309}"
EndProject
Project("{FAE04EC0-301F-11D3-BF4B-00C04F79EFBC}") = "MicroBenchmarks.Extensions", "MicroBenchmarks.Extensions\MicroBenchmarks.Extensions.csproj", "{C824BB55-ED78-45EA-8C7B-35A9EE5F1DF1}"
EndProject
Global
	GlobalSection(SolutionConfigurationPlatforms) = preSolution
		Debug|Any CPU = Debug|Any CPU
		Release|Any CPU = Release|Any CPU
	EndGlobalSection
	GlobalSection(ProjectConfigurationPlatforms) = postSolution
		{23771B42-2D30-4441-BD60-D6AE166C9309}.Debug|Any CPU.ActiveCfg = Debug|Any CPU
		{23771B42-2D30-4441-BD60-D6AE166C9309}.Debug|Any CPU.Build.0 = Debug|Any CPU
		{23771B42-2D30-4441-BD60-D6AE166C9309}.Release|Any CPU.ActiveCfg = Release|Any CPU
		{23771B42-2D30-4441-BD60-D6AE166C9309}.Release|Any CPU.Build.0 = Release|Any CPU
		{C824BB55-ED78-45EA-8C7B-35A9EE5F1DF1}.Debug|Any CPU.ActiveCfg = Debug|Any CPU
		{C824BB55-ED78-45EA-8C7B-35A9EE5F1DF1}.Debug|Any CPU.Build.0 = Debug|Any CPU
		{C824BB55-ED78-45EA-8C7B-35A9EE5F1DF1}.Release|Any CPU.ActiveCfg = Release|Any CPU
		{C824BB55-ED78-45EA-8C7B-35A9EE5F1DF1}.Release|Any CPU.Build.0 = Release|Any CPU
	EndGlobalSection
EndGlobal
